// !$*UTF8*$!
{
	archiveVersion = 1;
	classes = {
	};
	objectVersion = 46;
	objects = {

/* Begin PBXBuildFile section */
		C2968F501CA27B7F00397863 /* main.m in Sources */ = {isa = PBXBuildFile; fileRef = C2968F4F1CA27B7F00397863 /* main.m */; };
		C2968F531CA27B7F00397863 /* AppDelegate.m in Sources */ = {isa = PBXBuildFile; fileRef = C2968F521CA27B7F00397863 /* AppDelegate.m */; };
		C2968F561CA27B7F00397863 /* ViewController.m in Sources */ = {isa = PBXBuildFile; fileRef = C2968F551CA27B7F00397863 /* ViewController.m */; };
		C2968F591CA27B7F00397863 /* Main.storyboard in Resources */ = {isa = PBXBuildFile; fileRef = C2968F571CA27B7F00397863 /* Main.storyboard */; };
		C2968F5B1CA27B7F00397863 /* Assets.xcassets in Resources */ = {isa = PBXBuildFile; fileRef = C2968F5A1CA27B7F00397863 /* Assets.xcassets */; };
		C2968F5E1CA27B7F00397863 /* LaunchScreen.storyboard in Resources */ = {isa = PBXBuildFile; fileRef = C2968F5C1CA27B7F00397863 /* LaunchScreen.storyboard */; };
		C2968F691CA27B7F00397863 /* LocalNotifactionTests.m in Sources */ = {isa = PBXBuildFile; fileRef = C2968F681CA27B7F00397863 /* LocalNotifactionTests.m */; };
		C2968F741CA27B7F00397863 /* LocalNotifactionUITests.m in Sources */ = {isa = PBXBuildFile; fileRef = C2968F731CA27B7F00397863 /* LocalNotifactionUITests.m */; };
/* End PBXBuildFile section */

/* Begin PBXContainerItemProxy section */
		C2968F651CA27B7F00397863 /* PBXContainerItemProxy */ = {
			isa = PBXContainerItemProxy;
			containerPortal = C2968F431CA27B7F00397863 /* Project object */;
			proxyType = 1;
			remoteGlobalIDString = C2968F4A1CA27B7F00397863;
			remoteInfo = LocalNotifaction;
		};
		C2968F701CA27B7F00397863 /* PBXContainerItemProxy */ = {
			isa = PBXContainerItemProxy;
			containerPortal = C2968F431CA27B7F00397863 /* Project object */;
			proxyType = 1;
			remoteGlobalIDString = C2968F4A1CA27B7F00397863;
			remoteInfo = LocalNotifaction;
		};
/* End PBXContainerItemProxy section */

/* Begin PBXFileReference section */
		C2968F4B1CA27B7F00397863 /* LocalNotifaction.app */ = {isa = PBXFileReference; explicitFileType = wrapper.application; includeInIndex = 0; path = LocalNotifaction.app; sourceTree = BUILT_PRODUCTS_DIR; };
		C2968F4F1CA27B7F00397863 /* main.m */ = {isa = PBXFileReference; lastKnownFileType = sourcecode.c.objc; path = main.m; sourceTree = "<group>"; };
		C2968F511CA27B7F00397863 /* AppDelegate.h */ = {isa = PBXFileReference; lastKnownFileType = sourcecode.c.h; path = AppDelegate.h; sourceTree = "<group>"; };
		C2968F521CA27B7F00397863 /* AppDelegate.m */ = {isa = PBXFileReference; lastKnownFileType = sourcecode.c.objc; path = AppDelegate.m; sourceTree = "<group>"; };
		C2968F541CA27B7F00397863 /* ViewController.h */ = {isa = PBXFileReference; lastKnownFileType = sourcecode.c.h; path = ViewController.h; sourceTree = "<group>"; };
		C2968F551CA27B7F00397863 /* ViewController.m */ = {isa = PBXFileReference; lastKnownFileType = sourcecode.c.objc; path = ViewController.m; sourceTree = "<group>"; };
		C2968F581CA27B7F00397863 /* Base */ = {isa = PBXFileReference; lastKnownFileType = file.storyboard; name = Base; path = Base.lproj/Main.storyboard; sourceTree = "<group>"; };
		C2968F5A1CA27B7F00397863 /* Assets.xcassets */ = {isa = PBXFileReference; lastKnownFileType = folder.assetcatalog; path = Assets.xcassets; sourceTree = "<group>"; };
		C2968F5D1CA27B7F00397863 /* Base */ = {isa = PBXFileReference; lastKnownFileType = file.storyboard; name = Base; path = Base.lproj/LaunchScreen.storyboard; sourceTree = "<group>"; };
		C2968F5F1CA27B7F00397863 /* Info.plist */ = {isa = PBXFileReference; lastKnownFileType = text.plist.xml; path = Info.plist; sourceTree = "<group>"; };
		C2968F641CA27B7F00397863 /* LocalNotifactionTests.xctest */ = {isa = PBXFileReference; explicitFileType = wrapper.cfbundle; includeInIndex = 0; path = LocalNotifactionTests.xctest; sourceTree = BUILT_PRODUCTS_DIR; };
		C2968F681CA27B7F00397863 /* LocalNotifactionTests.m */ = {isa = PBXFileReference; lastKnownFileType = sourcecode.c.objc; path = LocalNotifactionTests.m; sourceTree = "<group>"; };
		C2968F6A1CA27B7F00397863 /* Info.plist */ = {isa = PBXFileReference; lastKnownFileType = text.plist.xml; path = Info.plist; sourceTree = "<group>"; };
		C2968F6F1CA27B7F00397863 /* LocalNotifactionUITests.xctest */ = {isa = PBXFileReference; explicitFileType = wrapper.cfbundle; includeInIndex = 0; path = LocalNotifactionUITests.xctest; sourceTree = BUILT_PRODUCTS_DIR; };
		C2968F731CA27B7F00397863 /* LocalNotifactionUITests.m */ = {isa = PBXFileReference; lastKnownFileType = sourcecode.c.objc; path = LocalNotifactionUITests.m; sourceTree = "<group>"; };
		C2968F751CA27B7F00397863 /* Info.plist */ = {isa = PBXFileReference; lastKnownFileType = text.plist.xml; path = Info.plist; sourceTree = "<group>"; };
/* End PBXFileReference section */

/* Begin PBXFrameworksBuildPhase section */
		C2968F481CA27B7F00397863 /* Frameworks */ = {
			isa = PBXFrameworksBuildPhase;
			buildActionMask = 2147483647;
			files = (
			);
			runOnlyForDeploymentPostprocessing = 0;
		};
		C2968F611CA27B7F00397863 /* Frameworks */ = {
			isa = PBXFrameworksBuildPhase;
			buildActionMask = 2147483647;
			files = (
			);
			runOnlyForDeploymentPostprocessing = 0;
		};
		C2968F6C1CA27B7F00397863 /* Frameworks */ = {
			isa = PBXFrameworksBuildPhase;
			buildActionMask = 2147483647;
			files = (
			);
			runOnlyForDeploymentPostprocessing = 0;
		};
/* End PBXFrameworksBuildPhase section */

/* Begin PBXGroup section */
		C2968F421CA27B7F00397863 = {
			isa = PBXGroup;
			children = (
				C2968F4D1CA27B7F00397863 /* LocalNotifaction */,
				C2968F671CA27B7F00397863 /* LocalNotifactionTests */,
				C2968F721CA27B7F00397863 /* LocalNotifactionUITests */,
				C2968F4C1CA27B7F00397863 /* Products */,
			);
			sourceTree = "<group>";
		};
		C2968F4C1CA27B7F00397863 /* Products */ = {
			isa = PBXGroup;
			children = (
				C2968F4B1CA27B7F00397863 /* LocalNotifaction.app */,
				C2968F641CA27B7F00397863 /* LocalNotifactionTests.xctest */,
				C2968F6F1CA27B7F00397863 /* LocalNotifactionUITests.xctest */,
			);
			name = Products;
			sourceTree = "<group>";
		};
		C2968F4D1CA27B7F00397863 /* LocalNotifaction */ = {
			isa = PBXGroup;
			children = (
				C2968F511CA27B7F00397863 /* AppDelegate.h */,
				C2968F521CA27B7F00397863 /* AppDelegate.m */,
				C2968F541CA27B7F00397863 /* ViewController.h */,
				C2968F551CA27B7F00397863 /* ViewController.m */,
				C2968F571CA27B7F00397863 /* Main.storyboard */,
				C2968F5A1CA27B7F00397863 /* Assets.xcassets */,
				C2968F5C1CA27B7F00397863 /* LaunchScreen.storyboard */,
				C2968F5F1CA27B7F00397863 /* Info.plist */,
				C2968F4E1CA27B7F00397863 /* Supporting Files */,
			);
			path = LocalNotifaction;
			sourceTree = "<group>";
		};
		C2968F4E1CA27B7F00397863 /* Supporting Files */ = {
			isa = PBXGroup;
			children = (
				C2968F4F1CA27B7F00397863 /* main.m */,
			);
			name = "Supporting Files";
			sourceTree = "<group>";
		};
		C2968F671CA27B7F00397863 /* LocalNotifactionTests */ = {
			isa = PBXGroup;
			children = (
				C2968F681CA27B7F00397863 /* LocalNotifactionTests.m */,
				C2968F6A1CA27B7F00397863 /* Info.plist */,
			);
			path = LocalNotifactionTests;
			sourceTree = "<group>";
		};
		C2968F721CA27B7F00397863 /* LocalNotifactionUITests */ = {
			isa = PBXGroup;
			children = (
				C2968F731CA27B7F00397863 /* LocalNotifactionUITests.m */,
				C2968F751CA27B7F00397863 /* Info.plist */,
			);
			path = LocalNotifactionUITests;
			sourceTree = "<group>";
		};
/* End PBXGroup section */

/* Begin PBXNativeTarget section */
		C2968F4A1CA27B7F00397863 /* LocalNotifaction */ = {
			isa = PBXNativeTarget;
			buildConfigurationList = C2968F781CA27B7F00397863 /* Build configuration list for PBXNativeTarget "LocalNotifaction" */;
			buildPhases = (
				C2968F471CA27B7F00397863 /* Sources */,
				C2968F481CA27B7F00397863 /* Frameworks */,
				C2968F491CA27B7F00397863 /* Resources */,
			);
			buildRules = (
			);
			dependencies = (
			);
			name = LocalNotifaction;
			productName = LocalNotifaction;
			productReference = C2968F4B1CA27B7F00397863 /* LocalNotifaction.app */;
			productType = "com.apple.product-type.application";
		};
		C2968F631CA27B7F00397863 /* LocalNotifactionTests */ = {
			isa = PBXNativeTarget;
			buildConfigurationList = C2968F7B1CA27B7F00397863 /* Build configuration list for PBXNativeTarget "LocalNotifactionTests" */;
			buildPhases = (
				C2968F601CA27B7F00397863 /* Sources */,
				C2968F611CA27B7F00397863 /* Frameworks */,
				C2968F621CA27B7F00397863 /* Resources */,
			);
			buildRules = (
			);
			dependencies = (
				C2968F661CA27B7F00397863 /* PBXTargetDependency */,
			);
			name = LocalNotifactionTests;
			productName = LocalNotifactionTests;
			productReference = C2968F641CA27B7F00397863 /* LocalNotifactionTests.xctest */;
			productType = "com.apple.product-type.bundle.unit-test";
		};
		C2968F6E1CA27B7F00397863 /* LocalNotifactionUITests */ = {
			isa = PBXNativeTarget;
			buildConfigurationList = C2968F7E1CA27B7F00397863 /* Build configuration list for PBXNativeTarget "LocalNotifactionUITests" */;
			buildPhases = (
				C2968F6B1CA27B7F00397863 /* Sources */,
				C2968F6C1CA27B7F00397863 /* Frameworks */,
				C2968F6D1CA27B7F00397863 /* Resources */,
			);
			buildRules = (
			);
			dependencies = (
				C2968F711CA27B7F00397863 /* PBXTargetDependency */,
			);
			name = LocalNotifactionUITests;
			productName = LocalNotifactionUITests;
			productReference = C2968F6F1CA27B7F00397863 /* LocalNotifactionUITests.xctest */;
			productType = "com.apple.product-type.bundle.ui-testing";
		};
/* End PBXNativeTarget section */

/* Begin PBXProject section */
		C2968F431CA27B7F00397863 /* Project object */ = {
			isa = PBXProject;
			attributes = {
				LastUpgradeCheck = 0720;
				ORGANIZATIONNAME = "shuai zhang";
				TargetAttributes = {
					C2968F4A1CA27B7F00397863 = {
						CreatedOnToolsVersion = 7.2;
					};
					C2968F631CA27B7F00397863 = {
						CreatedOnToolsVersion = 7.2;
						TestTargetID = C2968F4A1CA27B7F00397863;
					};
					C2968F6E1CA27B7F00397863 = {
						CreatedOnToolsVersion = 7.2;
						TestTargetID = C2968F4A1CA27B7F00397863;
					};
				};
			};
			buildConfigurationList = C2968F461CA27B7F00397863 /* Build configuration list for PBXProject "LocalNotifaction" */;
			compatibilityVersion = "Xcode 3.2";
			developmentRegion = English;
			hasScannedForEncodings = 0;
			knownRegions = (
				en,
				Base,
			);
			mainGroup = C2968F421CA27B7F00397863;
			productRefGroup = C2968F4C1CA27B7F00397863 /* Products */;
			projectDirPath = "";
			projectRoot = "";
			targets = (
				C2968F4A1CA27B7F00397863 /* LocalNotifaction */,
				C2968F631CA27B7F00397863 /* LocalNotifactionTests */,
				C2968F6E1CA27B7F00397863 /* LocalNotifactionUITests */,
			);
		};
/* End PBXProject section */

/* Begin PBXResourcesBuildPhase section */
		C2968F491CA27B7F00397863 /* Resources */ = {
			isa = PBXResourcesBuildPhase;
			buildActionMask = 2147483647;
			files = (
				C2968F5E1CA27B7F00397863 /* LaunchScreen.storyboard in Resources */,
				C2968F5B1CA27B7F00397863 /* Assets.xcassets in Resources */,
				C2968F591CA27B7F00397863 /* Main.storyboard in Resources */,
			);
			runOnlyForDeploymentPostprocessing = 0;
		};
		C2968F621CA27B7F00397863 /* Resources */ = {
			isa = PBXResourcesBuildPhase;
			buildActionMask = 2147483647;
			files = (
			);
			runOnlyForDeploymentPostprocessing = 0;
		};
		C2968F6D1CA27B7F00397863 /* Resources */ = {
			isa = PBXResourcesBuildPhase;
			buildActionMask = 2147483647;
			files = (
			);
			runOnlyForDeploymentPostprocessing = 0;
		};
/* End PBXResourcesBuildPhase section */

/* Begin PBXSourcesBuildPhase section */
		C2968F471CA27B7F00397863 /* Sources */ = {
			isa = PBXSourcesBuildPhase;
			buildActionMask = 2147483647;
			files = (
				C2968F561CA27B7F00397863 /* ViewController.m in Sources */,
				C2968F531CA27B7F00397863 /* AppDelegate.m in Sources */,
				C2968F501CA27B7F00397863 /* main.m in Sources */,
			);
			runOnlyForDeploymentPostprocessing = 0;
		};
		C2968F601CA27B7F00397863 /* Sources */ = {
			isa = PBXSourcesBuildPhase;
			buildActionMask = 2147483647;
			files = (
				C2968F691CA27B7F00397863 /* LocalNotifactionTests.m in Sources */,
			);
			runOnlyForDeploymentPostprocessing = 0;
		};
		C2968F6B1CA27B7F00397863 /* Sources */ = {
			isa = PBXSourcesBuildPhase;
			buildActionMask = 2147483647;
			files = (
				C2968F741CA27B7F00397863 /* LocalNotifactionUITests.m in Sources */,
			);
			runOnlyForDeploymentPostprocessing = 0;
		};
/* End PBXSourcesBuildPhase section */

/* Begin PBXTargetDependency section */
		C2968F661CA27B7F00397863 /* PBXTargetDependency */ = {
			isa = PBXTargetDependency;
			target = C2968F4A1CA27B7F00397863 /* LocalNotifaction */;
			targetProxy = C2968F651CA27B7F00397863 /* PBXContainerItemProxy */;
		};
		C2968F711CA27B7F00397863 /* PBXTargetDependency */ = {
			isa = PBXTargetDependency;
			target = C2968F4A1CA27B7F00397863 /* LocalNotifaction */;
			targetProxy = C2968F701CA27B7F00397863 /* PBXContainerItemProxy */;
		};
/* End PBXTargetDependency section */

/* Begin PBXVariantGroup section */
		C2968F571CA27B7F00397863 /* Main.storyboard */ = {
			isa = PBXVariantGroup;
			children = (
				C2968F581CA27B7F00397863 /* Base */,
			);
			name = Main.storyboard;
			sourceTree = "<group>";
		};
		C2968F5C1CA27B7F00397863 /* LaunchScreen.storyboard */ = {
			isa = PBXVariantGroup;
			children = (
				C2968F5D1CA27B7F00397863 /* Base */,
			);
			name = LaunchScreen.storyboard;
			sourceTree = "<group>";
		};
/* End PBXVariantGroup section */

/* Begin XCBuildConfiguration section */
		C2968F761CA27B7F00397863 /* Debug */ = {
			isa = XCBuildConfiguration;
			buildSettings = {
				ALWAYS_SEARCH_USER_PATHS = NO;
				CLANG_CXX_LANGUAGE_STANDARD = "gnu++0x";
				CLANG_CXX_LIBRARY = "libc++";
				CLANG_ENABLE_MODULES = YES;
				CLANG_ENABLE_OBJC_ARC = YES;
				CLANG_WARN_BOOL_CONVERSION = YES;
				CLANG_WARN_CONSTANT_CONVERSION = YES;
				CLANG_WARN_DIRECT_OBJC_ISA_USAGE = YES_ERROR;
				CLANG_WARN_EMPTY_BODY = YES;
				CLANG_WARN_ENUM_CONVERSION = YES;
				CLANG_WARN_INT_CONVERSION = YES;
				CLANG_WARN_OBJC_ROOT_CLASS = YES_ERROR;
				CLANG_WARN_UNREACHABLE_CODE = YES;
				CLANG_WARN__DUPLICATE_METHOD_MATCH = YES;
				"CODE_SIGN_IDENTITY[sdk=iphoneos*]" = "iPhone Developer";
				COPY_PHASE_STRIP = NO;
				DEBUG_INFORMATION_FORMAT = dwarf;
				ENABLE_STRICT_OBJC_MSGSEND = YES;
				ENABLE_TESTABILITY = YES;
				GCC_C_LANGUAGE_STANDARD = gnu99;
				GCC_DYNAMIC_NO_PIC = NO;
				GCC_NO_COMMON_BLOCKS = YES;
				GCC_OPTIMIZATION_LEVEL = 0;
				GCC_PREPROCESSOR_DEFINITIONS = (
					"DEBUG=1",
					"$(inherited)",
				);
				GCC_WARN_64_TO_32_BIT_CONVERSION = YES;
				GCC_WARN_ABOUT_RETURN_TYPE = YES_ERROR;
				GCC_WARN_UNDECLARED_SELECTOR = YES;
				GCC_WARN_UNINITIALIZED_AUTOS = YES_AGGRESSIVE;
				GCC_WARN_UNUSED_FUNCTION = YES;
				GCC_WARN_UNUSED_VARIABLE = YES;
				IPHONEOS_DEPLOYMENT_TARGET = 9.2;
				MTL_ENABLE_DEBUG_INFO = YES;
				ONLY_ACTIVE_ARCH = YES;
				SDKROOT = iphoneos;
				TARGETED_DEVICE_FAMILY = "1,2";
			};
			name = Debug;
		};
		C2968F771CA27B7F00397863 /* Release */ = {
			isa = XCBuildConfiguration;
			buildSettings = {
				ALWAYS_SEARCH_USER_PATHS = NO;
				CLANG_CXX_LANGUAGE_STANDARD = "gnu++0x";
				CLANG_CXX_LIBRARY = "libc++";
				CLANG_ENABLE_MODULES = YES;
				CLANG_ENABLE_OBJC_ARC = YES;
				CLANG_WARN_BOOL_CONVERSION = YES;
				CLANG_WARN_CONSTANT_CONVERSION = YES;
				CLANG_WARN_DIRECT_OBJC_ISA_USAGE = YES_ERROR;
				CLANG_WARN_EMPTY_BODY = YES;
				CLANG_WARN_ENUM_CONVERSION = YES;
				CLANG_WARN_INT_CONVERSION = YES;
				CLANG_WARN_OBJC_ROOT_CLASS = YES_ERROR;
				CLANG_WARN_UNREACHABLE_CODE = YES;
				CLANG_WARN__DUPLICATE_METHOD_MATCH = YES;
				"CODE_SIGN_IDENTITY[sdk=iphoneos*]" = "iPhone Developer";
				COPY_PHASE_STRIP = NO;
				DEBUG_INFORMATION_FORMAT = "dwarf-with-dsym";
				ENABLE_NS_ASSERTIONS = NO;
				ENABLE_STRICT_OBJC_MSGSEND = YES;
				GCC_C_LANGUAGE_STANDARD = gnu99;
				GCC_NO_COMMON_BLOCKS = YES;
				GCC_WARN_64_TO_32_BIT_CONVERSION = YES;
				GCC_WARN_ABOUT_RETURN_TYPE = YES_ERROR;
				GCC_WARN_UNDECLARED_SELECTOR = YES;
				GCC_WARN_UNINITIALIZED_AUTOS = YES_AGGRESSIVE;
				GCC_WARN_UNUSED_FUNCTION = YES;
				GCC_WARN_UNUSED_VARIABLE = YES;
				IPHONEOS_DEPLOYMENT_TARGET = 9.2;
				MTL_ENABLE_DEBUG_INFO = NO;
				SDKROOT = iphoneos;
				TARGETED_DEVICE_FAMILY = "1,2";
				VALIDATE_PRODUCT = YES;
			};
			name = Release;
		};
		C2968F791CA27B7F00397863 /* Debug */ = {
			isa = XCBuildConfiguration;
			buildSettings = {
				ASSETCATALOG_COMPILER_APPICON_NAME = AppIcon;
				INFOPLIST_FILE = LocalNotifaction/Info.plist;
				LD_RUNPATH_SEARCH_PATHS = "$(inherited) @executable_path/Frameworks";
				PRODUCT_BUNDLE_IDENTIFIER = com.alan.Zhang.LocalNotifaction;
				PRODUCT_NAME = "$(TARGET_NAME)";
			};
			name = Debug;
		};
		C2968F7A1CA27B7F00397863 /* Release */ = {
			isa = XCBuildConfiguration;
			buildSettings = {
				ASSETCATALOG_COMPILER_APPICON_NAME = AppIcon;
				INFOPLIST_FILE = LocalNotifaction/Info.plist;
				LD_RUNPATH_SEARCH_PATHS = "$(inherited) @executable_path/Frameworks";
				PRODUCT_BUNDLE_IDENTIFIER = com.alan.Zhang.LocalNotifaction;
				PRODUCT_NAME = "$(TARGET_NAME)";
			};
			name = Release;
		};
		C2968F7C1CA27B7F00397863 /* Debug */ = {
			isa = XCBuildConfiguration;
			buildSettings = {
				BUNDLE_LOADER = "$(TEST_HOST)";
				INFOPLIST_FILE = LocalNotifactionTests/Info.plist;
				LD_RUNPATH_SEARCH_PATHS = "$(inherited) @executable_path/Frameworks @loader_path/Frameworks";
				PRODUCT_BUNDLE_IDENTIFIER = com.alan.Zhang.LocalNotifactionTests;
				PRODUCT_NAME = "$(TARGET_NAME)";
				TEST_HOST = "$(BUILT_PRODUCTS_DIR)/LocalNotifaction.app/LocalNotifaction";
			};
			name = Debug;
		};
		C2968F7D1CA27B7F00397863 /* Release */ = {
			isa = XCBuildConfiguration;
			buildSettings = {
				BUNDLE_LOADER = "$(TEST_HOST)";
				INFOPLIST_FILE = LocalNotifactionTests/Info.plist;
				LD_RUNPATH_SEARCH_PATHS = "$(inherited) @executable_path/Frameworks @loader_path/Frameworks";
				PRODUCT_BUNDLE_IDENTIFIER = com.alan.Zhang.LocalNotifactionTests;
				PRODUCT_NAME = "$(TARGET_NAME)";
				TEST_HOST = "$(BUILT_PRODUCTS_DIR)/LocalNotifaction.app/LocalNotifaction";
			};
			name = Release;
		};
		C2968F7F1CA27B7F00397863 /* Debug */ = {
			isa = XCBuildConfiguration;
			buildSettings = {
				INFOPLIST_FILE = LocalNotifactionUITests/Info.plist;
				LD_RUNPATH_SEARCH_PATHS = "$(inherited) @executable_path/Frameworks @loader_path/Frameworks";
				PRODUCT_BUNDLE_IDENTIFIER = com.alan.Zhang.LocalNotifactionUITests;
				PRODUCT_NAME = "$(TARGET_NAME)";
				TEST_TARGET_NAME = LocalNotifaction;
				USES_XCTRUNNER = YES;
			};
			name = Debug;
		};
		C2968F801CA27B7F00397863 /* Release */ = {
			isa = XCBuildConfiguration;
			buildSettings = {
				INFOPLIST_FILE = LocalNotifactionUITests/Info.plist;
				LD_RUNPATH_SEARCH_PATHS = "$(inherited) @executable_path/Frameworks @loader_path/Frameworks";
				PRODUCT_BUNDLE_IDENTIFIER = com.alan.Zhang.LocalNotifactionUITests;
				PRODUCT_NAME = "$(TARGET_NAME)";
				TEST_TARGET_NAME = LocalNotifaction;
				USES_XCTRUNNER = YES;
			};
			name = Release;
		};
/* End XCBuildConfiguration section */

/* Begin XCConfigurationList section */
		C2968F461CA27B7F00397863 /* Build configuration list for PBXProject "LocalNotifaction" */ = {
			isa = XCConfigurationList;
			buildConfigurations = (
				C2968F761CA27B7F00397863 /* Debug */,
				C2968F771CA27B7F00397863 /* Release */,
			);
			defaultConfigurationIsVisible = 0;
			defaultConfigurationName = Release;
		};
		C2968F781CA27B7F00397863 /* Build configuration list for PBXNativeTarget "LocalNotifaction" */ = {
			isa = XCConfigurationList;
			buildConfigurations = (
				C2968F791CA27B7F00397863 /* Debug */,
				C2968F7A1CA27B7F00397863 /* Release */,
			);
			defaultConfigurationIsVisible = 0;
		};
		C2968F7B1CA27B7F00397863 /* Build configuration list for PBXNativeTarget "LocalNotifactionTests" */ = {
			isa = XCConfigurationList;
			buildConfigurations = (
				C2968F7C1CA27B7F00397863 /* Debug */,
				C2968F7D1CA27B7F00397863 /* Release */,
			);
			defaultConfigurationIsVisible = 0;
		};
		C2968F7E1CA27B7F00397863 /* Build configuration list for PBXNativeTarget "LocalNotifactionUITests" */ = {
			isa = XCConfigurationList;
			buildConfigurations = (
				C2968F7F1CA27B7F00397863 /* Debug */,
				C2968F801CA27B7F00397863 /* Release */,
			);
			defaultConfigurationIsVisible = 0;
		};
/* End XCConfigurationList section */
	};
	rootObject = C2968F431CA27B7F00397863 /* Project object */;
}
